// !$*UTF8*$!
{
	archiveVersion = 1;
	classes = {
	};
	objectVersion = 46;
	objects = {

/* Begin PBXBuildFile section */
		01B86BB81F172847007231C8 /* AppDelegate.swift in Sources */ = {isa = PBXBuildFile; fileRef = 01B86BB71F172847007231C8 /* AppDelegate.swift */; };
		01B86BBA1F172847007231C8 /* ViewController.swift in Sources */ = {isa = PBXBuildFile; fileRef = 01B86BB91F172847007231C8 /* ViewController.swift */; };
		01B86BBD1F172847007231C8 /* Main.storyboard in Resources */ = {isa = PBXBuildFile; fileRef = 01B86BBB1F172847007231C8 /* Main.storyboard */; };
		01B86BBF1F172847007231C8 /* Assets.xcassets in Resources */ = {isa = PBXBuildFile; fileRef = 01B86BBE1F172847007231C8 /* Assets.xcassets */; };
		01B86BC21F172847007231C8 /* LaunchScreen.storyboard in Resources */ = {isa = PBXBuildFile; fileRef = 01B86BC01F172847007231C8 /* LaunchScreen.storyboard */; };
		01B86BCA1F174086007231C8 /* LockScreen.xib in Resources */ = {isa = PBXBuildFile; fileRef = 01B86BC91F174086007231C8 /* LockScreen.xib */; };
		01B86BCC1F174098007231C8 /* LockScreen.swift in Sources */ = {isa = PBXBuildFile; fileRef = 01B86BCB1F174098007231C8 /* LockScreen.swift */; };
		01B86BCF1F178CF0007231C8 /* LocalAuthentication.framework in Frameworks */ = {isa = PBXBuildFile; fileRef = 01B86BCE1F178CF0007231C8 /* LocalAuthentication.framework */; };
/* End PBXBuildFile section */

/* Begin PBXFileReference section */
		01B86BB41F172847007231C8 /* LockScreenDemo.app */ = {isa = PBXFileReference; explicitFileType = wrapper.application; includeInIndex = 0; path = LockScreenDemo.app; sourceTree = BUILT_PRODUCTS_DIR; };
		01B86BB71F172847007231C8 /* AppDelegate.swift */ = {isa = PBXFileReference; lastKnownFileType = sourcecode.swift; path = AppDelegate.swift; sourceTree = "<group>"; };
		01B86BB91F172847007231C8 /* ViewController.swift */ = {isa = PBXFileReference; lastKnownFileType = sourcecode.swift; path = ViewController.swift; sourceTree = "<group>"; };
		01B86BBC1F172847007231C8 /* Base */ = {isa = PBXFileReference; lastKnownFileType = file.storyboard; name = Base; path = Base.lproj/Main.storyboard; sourceTree = "<group>"; };
		01B86BBE1F172847007231C8 /* Assets.xcassets */ = {isa = PBXFileReference; lastKnownFileType = folder.assetcatalog; path = Assets.xcassets; sourceTree = "<group>"; };
		01B86BC11F172847007231C8 /* Base */ = {isa = PBXFileReference; lastKnownFileType = file.storyboard; name = Base; path = Base.lproj/LaunchScreen.storyboard; sourceTree = "<group>"; };
		01B86BC31F172847007231C8 /* Info.plist */ = {isa = PBXFileReference; lastKnownFileType = text.plist.xml; path = Info.plist; sourceTree = "<group>"; };
		01B86BC91F174086007231C8 /* LockScreen.xib */ = {isa = PBXFileReference; fileEncoding = 4; lastKnownFileType = file.xib; path = LockScreen.xib; sourceTree = "<group>"; };
		01B86BCB1F174098007231C8 /* LockScreen.swift */ = {isa = PBXFileReference; fileEncoding = 4; lastKnownFileType = sourcecode.swift; path = LockScreen.swift; sourceTree = "<group>"; };
		01B86BCE1F178CF0007231C8 /* LocalAuthentication.framework */ = {isa = PBXFileReference; lastKnownFileType = wrapper.framework; name = LocalAuthentication.framework; path = System/Library/Frameworks/LocalAuthentication.framework; sourceTree = SDKROOT; };
/* End PBXFileReference section */

/* Begin PBXFrameworksBuildPhase section */
		01B86BB11F172847007231C8 /* Frameworks */ = {
			isa = PBXFrameworksBuildPhase;
			buildActionMask = 2147483647;
			files = (
				01B86BCF1F178CF0007231C8 /* LocalAuthentication.framework in Frameworks */,
			);
			runOnlyForDeploymentPostprocessing = 0;
		};
/* End PBXFrameworksBuildPhase section */

/* Begin PBXGroup section */
		01B86BAB1F172847007231C8 = {
			isa = PBXGroup;
			children = (
				01B86BB61F172847007231C8 /* LockScreenDemo */,
				01B86BB51F172847007231C8 /* Products */,
				01B86BCD1F178CEF007231C8 /* Frameworks */,
			);
			sourceTree = "<group>";
		};
		01B86BB51F172847007231C8 /* Products */ = {
			isa = PBXGroup;
			children = (
				01B86BB41F172847007231C8 /* LockScreenDemo.app */,
			);
			name = Products;
			sourceTree = "<group>";
		};
		01B86BB61F172847007231C8 /* LockScreenDemo */ = {
			isa = PBXGroup;
			children = (
				01B86BB71F172847007231C8 /* AppDelegate.swift */,
				01B86BC91F174086007231C8 /* LockScreen.xib */,
				01B86BCB1F174098007231C8 /* LockScreen.swift */,
				01B86BB91F172847007231C8 /* ViewController.swift */,
				01B86BBB1F172847007231C8 /* Main.storyboard */,
				01B86BBE1F172847007231C8 /* Assets.xcassets */,
				01B86BC01F172847007231C8 /* LaunchScreen.storyboard */,
				01B86BC31F172847007231C8 /* Info.plist */,
			);
			path = LockScreenDemo;
			sourceTree = "<group>";
		};
		01B86BCD1F178CEF007231C8 /* Frameworks */ = {
			isa = PBXGroup;
			children = (
				01B86BCE1F178CF0007231C8 /* LocalAuthentication.framework */,
			);
			name = Frameworks;
			sourceTree = "<group>";
		};
/* End PBXGroup section */

/* Begin PBXNativeTarget section */
		01B86BB31F172847007231C8 /* LockScreenDemo */ = {
			isa = PBXNativeTarget;
			buildConfigurationList = 01B86BC61F172847007231C8 /* Build configuration list for PBXNativeTarget "LockScreenDemo" */;
			buildPhases = (
				01B86BB01F172847007231C8 /* Sources */,
				01B86BB11F172847007231C8 /* Frameworks */,
				01B86BB21F172847007231C8 /* Resources */,
			);
			buildRules = (
			);
			dependencies = (
			);
			name = LockScreenDemo;
			productName = LockScreenDemo;
			productReference = 01B86BB41F172847007231C8 /* LockScreenDemo.app */;
			productType = "com.apple.product-type.application";
		};
/* End PBXNativeTarget section */

/* Begin PBXProject section */
		01B86BAC1F172847007231C8 /* Project object */ = {
			isa = PBXProject;
			attributes = {
				LastSwiftUpdateCheck = 0830;
				LastUpgradeCheck = 0830;
				ORGANIZATIONNAME = CY;
				TargetAttributes = {
					01B86BB31F172847007231C8 = {
						CreatedOnToolsVersion = 8.3.3;
						DevelopmentTeam = 6RTWQ8F94E;
						ProvisioningStyle = Automatic;
					};
				};
			};
			buildConfigurationList = 01B86BAF1F172847007231C8 /* Build configuration list for PBXProject "LockScreenDemo" */;
			compatibilityVersion = "Xcode 3.2";
			developmentRegion = English;
			hasScannedForEncodings = 0;
			knownRegions = (
				en,
				Base,
			);
			mainGroup = 01B86BAB1F172847007231C8;
			productRefGroup = 01B86BB51F172847007231C8 /* Products */;
			projectDirPath = "";
			projectRoot = "";
			targets = (
				01B86BB31F172847007231C8 /* LockScreenDemo */,
			);
		};
/* End PBXProject section */

/* Begin PBXResourcesBuildPhase section */
		01B86BB21F172847007231C8 /* Resources */ = {
			isa = PBXResourcesBuildPhase;
			buildActionMask = 2147483647;
			files = (
				01B86BCA1F174086007231C8 /* LockScreen.xib in Resources */,
				01B86BC21F172847007231C8 /* LaunchScreen.storyboard in Resources */,
				01B86BBF1F172847007231C8 /* Assets.xcassets in Resources */,
				01B86BBD1F172847007231C8 /* Main.storyboard in Resources */,
			);
			runOnlyForDeploymentPostprocessing = 0;
		};
/* End PBXResourcesBuildPhase section */

/* Begin PBXSourcesBuildPhase section */
		01B86BB01F172847007231C8 /* Sources */ = {
			isa = PBXSourcesBuildPhase;
			buildActionMask = 2147483647;
			files = (
				01B86BBA1F172847007231C8 /* ViewController.swift in Sources */,
				01B86BCC1F174098007231C8 /* LockScreen.swift in Sources */,
				01B86BB81F172847007231C8 /* AppDelegate.swift in Sources */,
			);
			runOnlyForDeploymentPostprocessing = 0;
		};
/* End PBXSourcesBuildPhase section */

/* Begin PBXVariantGroup section */
		01B86BBB1F172847007231C8 /* Main.storyboard */ = {
			isa = PBXVariantGroup;
			children = (
				01B86BBC1F172847007231C8 /* Base */,
			);
			name = Main.storyboard;
			sourceTree = "<group>";
		};
		01B86BC01F172847007231C8 /* LaunchScreen.storyboard */ = {
			isa = PBXVariantGroup;
			children = (
				01B86BC11F172847007231C8 /* Base */,
			);
			name = LaunchScreen.storyboard;
			sourceTree = "<group>";
		};
/* End PBXVariantGroup section */

/* Begin XCBuildConfiguration section */
		01B86BC41F172847007231C8 /* Debug */ = {
			isa = XCBuildConfiguration;
			buildSettings = {
				ALWAYS_SEARCH_USER_PATHS = NO;
				CLANG_ANALYZER_NONNULL = YES;
				CLANG_ANALYZER_NUMBER_OBJECT_CONVERSION = YES_AGGRESSIVE;
				CLANG_CXX_LANGUAGE_STANDARD = "gnu++0x";
				CLANG_CXX_LIBRARY = "libc++";
				CLANG_ENABLE_MODULES = YES;
				CLANG_ENABLE_OBJC_ARC = YES;
				CLANG_WARN_BOOL_CONVERSION = YES;
				CLANG_WARN_CONSTANT_CONVERSION = YES;
				CLANG_WARN_DIRECT_OBJC_ISA_USAGE = YES_ERROR;
				CLANG_WARN_DOCUMENTATION_COMMENTS = YES;
				CLANG_WARN_EMPTY_BODY = YES;
				CLANG_WARN_ENUM_CONVERSION = YES;
				CLANG_WARN_INFINITE_RECURSION = YES;
				CLANG_WARN_INT_CONVERSION = YES;
				CLANG_WARN_OBJC_ROOT_CLASS = YES_ERROR;
				CLANG_WARN_SUSPICIOUS_MOVE = YES;
				CLANG_WARN_UNREACHABLE_CODE = YES;
				CLANG_WARN__DUPLICATE_METHOD_MATCH = YES;
				"CODE_SIGN_IDENTITY[sdk=iphoneos*]" = "iPhone Developer";
				COPY_PHASE_STRIP = NO;
				DEBUG_INFORMATION_FORMAT = dwarf;
				ENABLE_STRICT_OBJC_MSGSEND = YES;
				ENABLE_TESTABILITY = YES;
				GCC_C_LANGUAGE_STANDARD = gnu99;
				GCC_DYNAMIC_NO_PIC = NO;
				GCC_NO_COMMON_BLOCKS = YES;
				GCC_OPTIMIZATION_LEVEL = 0;
				GCC_PREPROCESSOR_DEFINITIONS = (
					"DEBUG=1",
					"$(inherited)",
				);
				GCC_WARN_64_TO_32_BIT_CONVERSION = YES;
				GCC_WARN_ABOUT_RETURN_TYPE = YES_ERROR;
				GCC_WARN_UNDECLARED_SELECTOR = YES;
				GCC_WARN_UNINITIALIZED_AUTOS = YES_AGGRESSIVE;
				GCC_WARN_UNUSED_FUNCTION = YES;
				GCC_WARN_UNUSED_VARIABLE = YES;
				IPHONEOS_DEPLOYMENT_TARGET = 10.3;
				MTL_ENABLE_DEBUG_INFO = YES;
				ONLY_ACTIVE_ARCH = YES;
				SDKROOT = iphoneos;
				SWIFT_ACTIVE_COMPILATION_CONDITIONS = DEBUG;
				SWIFT_OPTIMIZATION_LEVEL = "-Onone";
				TARGETED_DEVICE_FAMILY = "1,2";
			};
			name = Debug;
		};
		01B86BC51F172847007231C8 /* Release */ = {
			isa = XCBuildConfiguration;
			buildSettings = {
				ALWAYS_SEARCH_USER_PATHS = NO;
				CLANG_ANALYZER_NONNULL = YES;
				CLANG_ANALYZER_NUMBER_OBJECT_CONVERSION = YES_AGGRESSIVE;
				CLANG_CXX_LANGUAGE_STANDARD = "gnu++0x";
				CLANG_CXX_LIBRARY = "libc++";
				CLANG_ENABLE_MODULES = YES;
				CLANG_ENABLE_OBJC_ARC = YES;
				CLANG_WARN_BOOL_CONVERSION = YES;
				CLANG_WARN_CONSTANT_CONVERSION = YES;
				CLANG_WARN_DIRECT_OBJC_ISA_USAGE = YES_ERROR;
				CLANG_WARN_DOCUMENTATION_COMMENTS = YES;
				CLANG_WARN_EMPTY_BODY = YES;
				CLANG_WARN_ENUM_CONVERSION = YES;
				CLANG_WARN_INFINITE_RECURSION = YES;
				CLANG_WARN_INT_CONVERSION = YES;
				CLANG_WARN_OBJC_ROOT_CLASS = YES_ERROR;
				CLANG_WARN_SUSPICIOUS_MOVE = YES;
				CLANG_WARN_UNREACHABLE_CODE = YES;
				CLANG_WARN__DUPLICATE_METHOD_MATCH = YES;
				"CODE_SIGN_IDENTITY[sdk=iphoneos*]" = "iPhone Developer";
				COPY_PHASE_STRIP = NO;
				DEBUG_INFORMATION_FORMAT = "dwarf-with-dsym";
				ENABLE_NS_ASSERTIONS = NO;
				ENABLE_STRICT_OBJC_MSGSEND = YES;
				GCC_C_LANGUAGE_STANDARD = gnu99;
				GCC_NO_COMMON_BLOCKS = YES;
				GCC_WARN_64_TO_32_BIT_CONVERSION = YES;
				GCC_WARN_ABOUT_RETURN_TYPE = YES_ERROR;
				GCC_WARN_UNDECLARED_SELECTOR = YES;
				GCC_WARN_UNINITIALIZED_AUTOS = YES_AGGRESSIVE;
				GCC_WARN_UNUSED_FUNCTION = YES;
				GCC_WARN_UNUSED_VARIABLE = YES;
				IPHONEOS_DEPLOYMENT_TARGET = 10.3;
				MTL_ENABLE_DEBUG_INFO = NO;
				SDKROOT = iphoneos;
				SWIFT_OPTIMIZATION_LEVEL = "-Owholemodule";
				TARGETED_DEVICE_FAMILY = "1,2";
				VALIDATE_PRODUCT = YES;
			};
			name = Release;
		};
		01B86BC71F172847007231C8 /* Debug */ = {
			isa = XCBuildConfiguration;
			buildSettings = {
				ASSETCATALOG_COMPILER_APPICON_NAME = AppIcon;
				DEVELOPMENT_TEAM = 6RTWQ8F94E;
				INFOPLIST_FILE = LockScreenDemo/Info.plist;
				LD_RUNPATH_SEARCH_PATHS = "$(inherited) @executable_path/Frameworks";
				PRODUCT_BUNDLE_IDENTIFIER = com.w1234.LockScreenDemo;
				PRODUCT_NAME = "$(TARGET_NAME)";
				SWIFT_VERSION = 3.0;
			};
			name = Debug;
		};
		01B86BC81F172847007231C8 /* Release */ = {
			isa = XCBuildConfiguration;
			buildSettings = {
				ASSETCATALOG_COMPILER_APPICON_NAME = AppIcon;
				DEVELOPMENT_TEAM = 6RTWQ8F94E;
				INFOPLIST_FILE = LockScreenDemo/Info.plist;
				LD_RUNPATH_SEARCH_PATHS = "$(inherited) @executable_path/Frameworks";
				PRODUCT_BUNDLE_IDENTIFIER = com.w1234.LockScreenDemo;
				PRODUCT_NAME = "$(TARGET_NAME)";
				SWIFT_VERSION = 3.0;
			};
			name = Release;
		};
/* End XCBuildConfiguration section */

/* Begin XCConfigurationList section */
		01B86BAF1F172847007231C8 /* Build configuration list for PBXProject "LockScreenDemo" */ = {
			isa = XCConfigurationList;
			buildConfigurations = (
				01B86BC41F172847007231C8 /* Debug */,
				01B86BC51F172847007231C8 /* Release */,
			);
			defaultConfigurationIsVisible = 0;
			defaultConfigurationName = Release;
		};
		01B86BC61F172847007231C8 /* Build configuration list for PBXNativeTarget "LockScreenDemo" */ = {
			isa = XCConfigurationList;
			buildConfigurations = (
				01B86BC71F172847007231C8 /* Debug */,
				01B86BC81F172847007231C8 /* Release */,
			);
			defaultConfigurationIsVisible = 0;
			defaultConfigurationName = Release;
		};
/* End XCConfigurationList section */
	};
	rootObject = 01B86BAC1F172847007231C8 /* Project object */;
}
